
Microsoft Visual Studio Solution File, Format Version 12.00
# Visual Studio Version 16
VisualStudioVersion = 16.0.29709.97
MinimumVisualStudioVersion = 10.0.40219.1
Project("{FAE04EC0-301F-11D3-BF4B-00C04F79EFBC}") = "AdventureGameEditor", "AdventureGameEditor\AdventureGameEditor.csproj", "{C0EE1057-71CE-4700-A91D-8CA64843031B}"
EndProject
Global
	GlobalSection(SolutionConfigurationPlatforms) = preSolution
		Debug|Any CPU = Debug|Any CPU
		Release|Any CPU = Release|Any CPU
	EndGlobalSection
	GlobalSection(ProjectConfigurationPlatforms) = postSolution
		{C0EE1057-71CE-4700-A91D-8CA64843031B}.Debug|Any CPU.ActiveCfg = Debug|Any CPU
		{C0EE1057-71CE-4700-A91D-8CA64843031B}.Debug|Any CPU.Build.0 = Debug|Any CPU
		{C0EE1057-71CE-4700-A91D-8CA64843031B}.Release|Any CPU.ActiveCfg = Release|Any CPU
		{C0EE1057-71CE-4700-A91D-8CA64843031B}.Release|Any CPU.Build.0 = Release|Any CPU
	EndGlobalSection
	GlobalSection(SolutionProperties) = preSolution
		HideSolutionNode = FALSE
	EndGlobalSection
	GlobalSection(ExtensibilityGlobals) = postSolution
		SolutionGuid = {10132F21-6DAD-4D4D-9E44-F0AC0818EF8D}
	EndGlobalSection
EndGlobal
